
Microsoft Visual Studio Solution File, Format Version 12.00
# Visual Studio Version 17
VisualStudioVersion = 17.14.36930.0 d17.14
MinimumVisualStudioVersion = 10.0.40219.1
Project("{FAE04EC0-301F-11D3-BF4B-00C04F79EFBC}") = "SistemaRRHH", "SistemaRRHH\SistemaRRHH.csproj", "{7D77CF78-B78E-4AB3-A096-6674FE0543BA}"
EndProject
Global
	GlobalSection(SolutionConfigurationPlatforms) = preSolution
		Debug|Any CPU = Debug|Any CPU
		Release|Any CPU = Release|Any CPU
	EndGlobalSection
	GlobalSection(ProjectConfigurationPlatforms) = postSolution
		{7D77CF78-B78E-4AB3-A096-6674FE0543BA}.Debug|Any CPU.ActiveCfg = Debug|Any CPU
		{7D77CF78-B78E-4AB3-A096-6674FE0543BA}.Debug|Any CPU.Build.0 = Debug|Any CPU
		{7D77CF78-B78E-4AB3-A096-6674FE0543BA}.Release|Any CPU.ActiveCfg = Release|Any CPU
		{7D77CF78-B78E-4AB3-A096-6674FE0543BA}.Release|Any CPU.Build.0 = Release|Any CPU
	EndGlobalSection
	GlobalSection(SolutionProperties) = preSolution
		HideSolutionNode = FALSE
	EndGlobalSection
	GlobalSection(ExtensibilityGlobals) = postSolution
		SolutionGuid = {62790FD6-8C53-4A91-9F7F-BA5BAD71A1E2}
	EndGlobalSection
EndGlobal
